
Microsoft Visual Studio Solution File, Format Version 12.00
# Visual Studio Version 17
VisualStudioVersion = 17.8.34525.116
MinimumVisualStudioVersion = 10.0.40219.1
Project("{FAE04EC0-301F-11D3-BF4B-00C04F79EFBC}") = "IotaWebApp.web", "IotaWebApp.web\IotaWebApp.web.csproj", "{BEE45526-B2B7-4955-8529-52449D2448E9}"
EndProject
Global
	GlobalSection(SolutionConfigurationPlatforms) = preSolution
		Debug|Any CPU = Debug|Any CPU
		Release|Any CPU = Release|Any CPU
	EndGlobalSection
	GlobalSection(ProjectConfigurationPlatforms) = postSolution
		{BEE45526-B2B7-4955-8529-52449D2448E9}.Debug|Any CPU.ActiveCfg = Debug|Any CPU
		{BEE45526-B2B7-4955-8529-52449D2448E9}.Debug|Any CPU.Build.0 = Debug|Any CPU
		{BEE45526-B2B7-4955-8529-52449D2448E9}.Release|Any CPU.ActiveCfg = Release|Any CPU
		{BEE45526-B2B7-4955-8529-52449D2448E9}.Release|Any CPU.Build.0 = Release|Any CPU
	EndGlobalSection
	GlobalSection(SolutionProperties) = preSolution
		HideSolutionNode = FALSE
	EndGlobalSection
	GlobalSection(ExtensibilityGlobals) = postSolution
		SolutionGuid = {4231A9B9-F450-41BF-B5A6-4CC1B0384517}
	EndGlobalSection
EndGlobal
